// !$*UTF8*$!
{
	archiveVersion = 1;
	classes = {
	};
	objectVersion = 48;
	objects = {

/* Begin PBXBuildFile section */
		2250BC2699DA966C918F506F /* Pods_Lok_AppUITests.framework in Frameworks */ = {isa = PBXBuildFile; fileRef = 00E7D8B18D35B9ECF38EFCEF /* Pods_Lok_AppUITests.framework */; };
		864A677C5C9CAFFECAF242E6 /* Pods_Lok_AppTests.framework in Frameworks */ = {isa = PBXBuildFile; fileRef = 00DE82D56E570FBA66F3DBFF /* Pods_Lok_AppTests.framework */; };
		B318C02DD2CED37475375925 /* Pods_Lok_App.framework in Frameworks */ = {isa = PBXBuildFile; fileRef = 425FA77399BD9FDFD974DFBB /* Pods_Lok_App.framework */; };
		E169B8A8205974AF00214709 /* Menu.storyboard in Resources */ = {isa = PBXBuildFile; fileRef = E169B8A7205974AF00214709 /* Menu.storyboard */; };
		E169B8AB205974FE00214709 /* MenuViewController.swift in Sources */ = {isa = PBXBuildFile; fileRef = E169B8AA205974FE00214709 /* MenuViewController.swift */; };
		E169B8AD20597CCA00214709 /* Menu.xcassets in Resources */ = {isa = PBXBuildFile; fileRef = E169B8AC20597CCA00214709 /* Menu.xcassets */; };
		E1844BB72057D1C7006854B8 /* AppDelegate.swift in Sources */ = {isa = PBXBuildFile; fileRef = E1844BB62057D1C7006854B8 /* AppDelegate.swift */; };
		E1844BBC2057D1C7006854B8 /* Main.storyboard in Resources */ = {isa = PBXBuildFile; fileRef = E1844BBA2057D1C7006854B8 /* Main.storyboard */; };
		E1844BBE2057D1C7006854B8 /* Assets.xcassets in Resources */ = {isa = PBXBuildFile; fileRef = E1844BBD2057D1C7006854B8 /* Assets.xcassets */; };
		E1844BC12057D1C7006854B8 /* LaunchScreen.storyboard in Resources */ = {isa = PBXBuildFile; fileRef = E1844BBF2057D1C7006854B8 /* LaunchScreen.storyboard */; };
		E1844BCC2057D1C8006854B8 /* Lok_AppTests.swift in Sources */ = {isa = PBXBuildFile; fileRef = E1844BCB2057D1C8006854B8 /* Lok_AppTests.swift */; };
		E1844BD72057D1C8006854B8 /* Lok_AppUITests.swift in Sources */ = {isa = PBXBuildFile; fileRef = E1844BD62057D1C8006854B8 /* Lok_AppUITests.swift */; };
		E19B51B6205A21A100CE67A5 /* BannerViewController.swift in Sources */ = {isa = PBXBuildFile; fileRef = E19B51B5205A21A100CE67A5 /* BannerViewController.swift */; };
		E19B51B8205A233300CE67A5 /* BannerCollectionViewCell.swift in Sources */ = {isa = PBXBuildFile; fileRef = E19B51B7205A233300CE67A5 /* BannerCollectionViewCell.swift */; };
		E19B51BA205A45F100CE67A5 /* Video.swift in Sources */ = {isa = PBXBuildFile; fileRef = E19B51B9205A45F100CE67A5 /* Video.swift */; };
		E19B51BC205A58CD00CE67A5 /* MenuTableViewCell.swift in Sources */ = {isa = PBXBuildFile; fileRef = E19B51BB205A58CD00CE67A5 /* MenuTableViewCell.swift */; };
		E19B51BF205A6C6900CE67A5 /* HomeTabBarView.swift in Sources */ = {isa = PBXBuildFile; fileRef = E19B51BE205A6C6900CE67A5 /* HomeTabBarView.swift */; };
		E1BF237A2057E6D800FC1FDE /* Service.swift in Sources */ = {isa = PBXBuildFile; fileRef = E1BF23792057E6D800FC1FDE /* Service.swift */; };
		E1BF237C2057E94D00FC1FDE /* LokError.swift in Sources */ = {isa = PBXBuildFile; fileRef = E1BF237B2057E94D00FC1FDE /* LokError.swift */; };
		E1BF23802057EC3F00FC1FDE /* Config.plist in Resources */ = {isa = PBXBuildFile; fileRef = E1BF237F2057EC3F00FC1FDE /* Config.plist */; };
		E1BF23842057ECC100FC1FDE /* Lok.swift in Sources */ = {isa = PBXBuildFile; fileRef = E1BF23832057ECC100FC1FDE /* Lok.swift */; };
		E1BF23862057ED2D00FC1FDE /* Text.swift in Sources */ = {isa = PBXBuildFile; fileRef = E1BF23852057ED2D00FC1FDE /* Text.swift */; };
		E1BF23882057ED4900FC1FDE /* Color.swift in Sources */ = {isa = PBXBuildFile; fileRef = E1BF23872057ED4900FC1FDE /* Color.swift */; };
		E1BF238A2057ED5A00FC1FDE /* Image.swift in Sources */ = {isa = PBXBuildFile; fileRef = E1BF23892057ED5A00FC1FDE /* Image.swift */; };
		E1BF238C2057ED7300FC1FDE /* SegueIdentifier.swift in Sources */ = {isa = PBXBuildFile; fileRef = E1BF238B2057ED7300FC1FDE /* SegueIdentifier.swift */; };
		E1BF238E2057ED9A00FC1FDE /* View.swift in Sources */ = {isa = PBXBuildFile; fileRef = E1BF238D2057ED9A00FC1FDE /* View.swift */; };
		E1BF23902057EDB700FC1FDE /* Controller.swift in Sources */ = {isa = PBXBuildFile; fileRef = E1BF238F2057EDB700FC1FDE /* Controller.swift */; };
		E1BF23922057EDD100FC1FDE /* CellIdentifier.swift in Sources */ = {isa = PBXBuildFile; fileRef = E1BF23912057EDD100FC1FDE /* CellIdentifier.swift */; };
		E1BF23942057EDEA00FC1FDE /* Storyboard.swift in Sources */ = {isa = PBXBuildFile; fileRef = E1BF23932057EDEA00FC1FDE /* Storyboard.swift */; };
		E1BF23962057EE2800FC1FDE /* Config.swift in Sources */ = {isa = PBXBuildFile; fileRef = E1BF23952057EE2800FC1FDE /* Config.swift */; };
		E1BF23992057F15900FC1FDE /* HomeViewController.swift in Sources */ = {isa = PBXBuildFile; fileRef = E1BF23982057F15900FC1FDE /* HomeViewController.swift */; };
		E1BF239B2057F33200FC1FDE /* RealmSwift+Extension.swift in Sources */ = {isa = PBXBuildFile; fileRef = E1BF239A2057F33200FC1FDE /* RealmSwift+Extension.swift */; };
		E1BF239D2057F4DB00FC1FDE /* Convertable.swift in Sources */ = {isa = PBXBuildFile; fileRef = E1BF239C2057F4DB00FC1FDE /* Convertable.swift */; };
		E1BF239F2057F59000FC1FDE /* Comic.swift in Sources */ = {isa = PBXBuildFile; fileRef = E1BF239E2057F59000FC1FDE /* Comic.swift */; };
		E1BF23A32057FA0500FC1FDE /* Repository.swift in Sources */ = {isa = PBXBuildFile; fileRef = E1BF23A22057FA0500FC1FDE /* Repository.swift */; };
		E1BF23A5205809BD00FC1FDE /* ComicService.swift in Sources */ = {isa = PBXBuildFile; fileRef = E1BF23A4205809BD00FC1FDE /* ComicService.swift */; };
		E1C1F605205BC6F700600FD1 /* VideoService.swift in Sources */ = {isa = PBXBuildFile; fileRef = E1C1F604205BC6F700600FD1 /* VideoService.swift */; };
/* End PBXBuildFile section */

/* Begin PBXContainerItemProxy section */
		E1844BC82057D1C7006854B8 /* PBXContainerItemProxy */ = {
			isa = PBXContainerItemProxy;
			containerPortal = E1844BAB2057D1C7006854B8 /* Project object */;
			proxyType = 1;
			remoteGlobalIDString = E1844BB22057D1C7006854B8;
			remoteInfo = "Lok App";
		};
		E1844BD32057D1C8006854B8 /* PBXContainerItemProxy */ = {
			isa = PBXContainerItemProxy;
			containerPortal = E1844BAB2057D1C7006854B8 /* Project object */;
			proxyType = 1;
			remoteGlobalIDString = E1844BB22057D1C7006854B8;
			remoteInfo = "Lok App";
		};
/* End PBXContainerItemProxy section */

/* Begin PBXFileReference section */
		00DE82D56E570FBA66F3DBFF /* Pods_Lok_AppTests.framework */ = {isa = PBXFileReference; explicitFileType = wrapper.framework; includeInIndex = 0; path = Pods_Lok_AppTests.framework; sourceTree = BUILT_PRODUCTS_DIR; };
		00E7D8B18D35B9ECF38EFCEF /* Pods_Lok_AppUITests.framework */ = {isa = PBXFileReference; explicitFileType = wrapper.framework; includeInIndex = 0; path = Pods_Lok_AppUITests.framework; sourceTree = BUILT_PRODUCTS_DIR; };
		08C951703B488164417A8670 /* Pods-Lok AppTests.debug.xcconfig */ = {isa = PBXFileReference; includeInIndex = 1; lastKnownFileType = text.xcconfig; name = "Pods-Lok AppTests.debug.xcconfig"; path = "Pods/Target Support Files/Pods-Lok AppTests/Pods-Lok AppTests.debug.xcconfig"; sourceTree = "<group>"; };
		3BB5E4C492FA3E6DD7FE68B9 /* Pods-Lok AppUITests.debug.xcconfig */ = {isa = PBXFileReference; includeInIndex = 1; lastKnownFileType = text.xcconfig; name = "Pods-Lok AppUITests.debug.xcconfig"; path = "Pods/Target Support Files/Pods-Lok AppUITests/Pods-Lok AppUITests.debug.xcconfig"; sourceTree = "<group>"; };
		425FA77399BD9FDFD974DFBB /* Pods_Lok_App.framework */ = {isa = PBXFileReference; explicitFileType = wrapper.framework; includeInIndex = 0; path = Pods_Lok_App.framework; sourceTree = BUILT_PRODUCTS_DIR; };
		4B0D2C87C29F1CD9A6849FB7 /* Pods-Lok App.release.xcconfig */ = {isa = PBXFileReference; includeInIndex = 1; lastKnownFileType = text.xcconfig; name = "Pods-Lok App.release.xcconfig"; path = "Pods/Target Support Files/Pods-Lok App/Pods-Lok App.release.xcconfig"; sourceTree = "<group>"; };
		7DDB57160A9AD5C6DC0A2FDC /* Pods-Lok App.debug.xcconfig */ = {isa = PBXFileReference; includeInIndex = 1; lastKnownFileType = text.xcconfig; name = "Pods-Lok App.debug.xcconfig"; path = "Pods/Target Support Files/Pods-Lok App/Pods-Lok App.debug.xcconfig"; sourceTree = "<group>"; };
		C9FCD1EB3664EC19327AA3CD /* Pods-Lok AppTests.release.xcconfig */ = {isa = PBXFileReference; includeInIndex = 1; lastKnownFileType = text.xcconfig; name = "Pods-Lok AppTests.release.xcconfig"; path = "Pods/Target Support Files/Pods-Lok AppTests/Pods-Lok AppTests.release.xcconfig"; sourceTree = "<group>"; };
		DC0304C764006D51619D92C2 /* Pods-Lok AppUITests.release.xcconfig */ = {isa = PBXFileReference; includeInIndex = 1; lastKnownFileType = text.xcconfig; name = "Pods-Lok AppUITests.release.xcconfig"; path = "Pods/Target Support Files/Pods-Lok AppUITests/Pods-Lok AppUITests.release.xcconfig"; sourceTree = "<group>"; };
		E169B8A7205974AF00214709 /* Menu.storyboard */ = {isa = PBXFileReference; lastKnownFileType = file.storyboard; path = Menu.storyboard; sourceTree = "<group>"; };
		E169B8AA205974FE00214709 /* MenuViewController.swift */ = {isa = PBXFileReference; lastKnownFileType = sourcecode.swift; path = MenuViewController.swift; sourceTree = "<group>"; };
		E169B8AC20597CCA00214709 /* Menu.xcassets */ = {isa = PBXFileReference; lastKnownFileType = folder.assetcatalog; path = Menu.xcassets; sourceTree = "<group>"; };
		E1844BB32057D1C7006854B8 /* Lok App.app */ = {isa = PBXFileReference; explicitFileType = wrapper.application; includeInIndex = 0; path = "Lok App.app"; sourceTree = BUILT_PRODUCTS_DIR; };
		E1844BB62057D1C7006854B8 /* AppDelegate.swift */ = {isa = PBXFileReference; lastKnownFileType = sourcecode.swift; path = AppDelegate.swift; sourceTree = "<group>"; };
		E1844BBB2057D1C7006854B8 /* Base */ = {isa = PBXFileReference; lastKnownFileType = file.storyboard; name = Base; path = Base.lproj/Main.storyboard; sourceTree = "<group>"; };
		E1844BBD2057D1C7006854B8 /* Assets.xcassets */ = {isa = PBXFileReference; lastKnownFileType = folder.assetcatalog; path = Assets.xcassets; sourceTree = "<group>"; };
		E1844BC02057D1C7006854B8 /* Base */ = {isa = PBXFileReference; lastKnownFileType = file.storyboard; name = Base; path = Base.lproj/LaunchScreen.storyboard; sourceTree = "<group>"; };
		E1844BC22057D1C7006854B8 /* Info.plist */ = {isa = PBXFileReference; lastKnownFileType = text.plist.xml; path = Info.plist; sourceTree = "<group>"; };
		E1844BC72057D1C7006854B8 /* Lok AppTests.xctest */ = {isa = PBXFileReference; explicitFileType = wrapper.cfbundle; includeInIndex = 0; path = "Lok AppTests.xctest"; sourceTree = BUILT_PRODUCTS_DIR; };
		E1844BCB2057D1C8006854B8 /* Lok_AppTests.swift */ = {isa = PBXFileReference; lastKnownFileType = sourcecode.swift; path = Lok_AppTests.swift; sourceTree = "<group>"; };
		E1844BCD2057D1C8006854B8 /* Info.plist */ = {isa = PBXFileReference; lastKnownFileType = text.plist.xml; path = Info.plist; sourceTree = "<group>"; };
		E1844BD22057D1C8006854B8 /* Lok AppUITests.xctest */ = {isa = PBXFileReference; explicitFileType = wrapper.cfbundle; includeInIndex = 0; path = "Lok AppUITests.xctest"; sourceTree = BUILT_PRODUCTS_DIR; };
		E1844BD62057D1C8006854B8 /* Lok_AppUITests.swift */ = {isa = PBXFileReference; lastKnownFileType = sourcecode.swift; path = Lok_AppUITests.swift; sourceTree = "<group>"; };
		E1844BD82057D1C8006854B8 /* Info.plist */ = {isa = PBXFileReference; lastKnownFileType = text.plist.xml; path = Info.plist; sourceTree = "<group>"; };
		E19B51B5205A21A100CE67A5 /* BannerViewController.swift */ = {isa = PBXFileReference; lastKnownFileType = sourcecode.swift; path = BannerViewController.swift; sourceTree = "<group>"; };
		E19B51B7205A233300CE67A5 /* BannerCollectionViewCell.swift */ = {isa = PBXFileReference; lastKnownFileType = sourcecode.swift; path = BannerCollectionViewCell.swift; sourceTree = "<group>"; };
		E19B51B9205A45F100CE67A5 /* Video.swift */ = {isa = PBXFileReference; lastKnownFileType = sourcecode.swift; path = Video.swift; sourceTree = "<group>"; };
		E19B51BB205A58CD00CE67A5 /* MenuTableViewCell.swift */ = {isa = PBXFileReference; lastKnownFileType = sourcecode.swift; path = MenuTableViewCell.swift; sourceTree = "<group>"; };
		E19B51BE205A6C6900CE67A5 /* HomeTabBarView.swift */ = {isa = PBXFileReference; lastKnownFileType = sourcecode.swift; path = HomeTabBarView.swift; sourceTree = "<group>"; };
		E1BF23792057E6D800FC1FDE /* Service.swift */ = {isa = PBXFileReference; lastKnownFileType = sourcecode.swift; path = Service.swift; sourceTree = "<group>"; };
		E1BF237B2057E94D00FC1FDE /* LokError.swift */ = {isa = PBXFileReference; lastKnownFileType = sourcecode.swift; path = LokError.swift; sourceTree = "<group>"; };
		E1BF237F2057EC3F00FC1FDE /* Config.plist */ = {isa = PBXFileReference; lastKnownFileType = text.plist.xml; path = Config.plist; sourceTree = "<group>"; };
		E1BF23832057ECC100FC1FDE /* Lok.swift */ = {isa = PBXFileReference; lastKnownFileType = sourcecode.swift; path = Lok.swift; sourceTree = "<group>"; };
		E1BF23852057ED2D00FC1FDE /* Text.swift */ = {isa = PBXFileReference; lastKnownFileType = sourcecode.swift; path = Text.swift; sourceTree = "<group>"; };
		E1BF23872057ED4900FC1FDE /* Color.swift */ = {isa = PBXFileReference; lastKnownFileType = sourcecode.swift; path = Color.swift; sourceTree = "<group>"; };
		E1BF23892057ED5A00FC1FDE /* Image.swift */ = {isa = PBXFileReference; lastKnownFileType = sourcecode.swift; path = Image.swift; sourceTree = "<group>"; };
		E1BF238B2057ED7300FC1FDE /* SegueIdentifier.swift */ = {isa = PBXFileReference; lastKnownFileType = sourcecode.swift; path = SegueIdentifier.swift; sourceTree = "<group>"; };
		E1BF238D2057ED9A00FC1FDE /* View.swift */ = {isa = PBXFileReference; lastKnownFileType = sourcecode.swift; path = View.swift; sourceTree = "<group>"; };
		E1BF238F2057EDB700FC1FDE /* Controller.swift */ = {isa = PBXFileReference; lastKnownFileType = sourcecode.swift; path = Controller.swift; sourceTree = "<group>"; };
		E1BF23912057EDD100FC1FDE /* CellIdentifier.swift */ = {isa = PBXFileReference; lastKnownFileType = sourcecode.swift; path = CellIdentifier.swift; sourceTree = "<group>"; };
		E1BF23932057EDEA00FC1FDE /* Storyboard.swift */ = {isa = PBXFileReference; lastKnownFileType = sourcecode.swift; path = Storyboard.swift; sourceTree = "<group>"; };
		E1BF23952057EE2800FC1FDE /* Config.swift */ = {isa = PBXFileReference; lastKnownFileType = sourcecode.swift; path = Config.swift; sourceTree = "<group>"; };
		E1BF23982057F15900FC1FDE /* HomeViewController.swift */ = {isa = PBXFileReference; lastKnownFileType = sourcecode.swift; path = HomeViewController.swift; sourceTree = "<group>"; };
		E1BF239A2057F33200FC1FDE /* RealmSwift+Extension.swift */ = {isa = PBXFileReference; lastKnownFileType = sourcecode.swift; path = "RealmSwift+Extension.swift"; sourceTree = "<group>"; };
		E1BF239C2057F4DB00FC1FDE /* Convertable.swift */ = {isa = PBXFileReference; lastKnownFileType = sourcecode.swift; path = Convertable.swift; sourceTree = "<group>"; };
		E1BF239E2057F59000FC1FDE /* Comic.swift */ = {isa = PBXFileReference; lastKnownFileType = sourcecode.swift; path = Comic.swift; sourceTree = "<group>"; };
		E1BF23A22057FA0500FC1FDE /* Repository.swift */ = {isa = PBXFileReference; lastKnownFileType = sourcecode.swift; path = Repository.swift; sourceTree = "<group>"; };
		E1BF23A4205809BD00FC1FDE /* ComicService.swift */ = {isa = PBXFileReference; lastKnownFileType = sourcecode.swift; path = ComicService.swift; sourceTree = "<group>"; };
		E1C1F604205BC6F700600FD1 /* VideoService.swift */ = {isa = PBXFileReference; lastKnownFileType = sourcecode.swift; path = VideoService.swift; sourceTree = "<group>"; };
/* End PBXFileReference section */

/* Begin PBXFrameworksBuildPhase section */
		E1844BB02057D1C7006854B8 /* Frameworks */ = {
			isa = PBXFrameworksBuildPhase;
			buildActionMask = 2147483647;
			files = (
				B318C02DD2CED37475375925 /* Pods_Lok_App.framework in Frameworks */,
			);
			runOnlyForDeploymentPostprocessing = 0;
		};
		E1844BC42057D1C7006854B8 /* Frameworks */ = {
			isa = PBXFrameworksBuildPhase;
			buildActionMask = 2147483647;
			files = (
				864A677C5C9CAFFECAF242E6 /* Pods_Lok_AppTests.framework in Frameworks */,
			);
			runOnlyForDeploymentPostprocessing = 0;
		};
		E1844BCF2057D1C8006854B8 /* Frameworks */ = {
			isa = PBXFrameworksBuildPhase;
			buildActionMask = 2147483647;
			files = (
				2250BC2699DA966C918F506F /* Pods_Lok_AppUITests.framework in Frameworks */,
			);
			runOnlyForDeploymentPostprocessing = 0;
		};
/* End PBXFrameworksBuildPhase section */

/* Begin PBXGroup section */
		6937873ADD25113BBA46FB44 /* Pods */ = {
			isa = PBXGroup;
			children = (
				7DDB57160A9AD5C6DC0A2FDC /* Pods-Lok App.debug.xcconfig */,
				4B0D2C87C29F1CD9A6849FB7 /* Pods-Lok App.release.xcconfig */,
				08C951703B488164417A8670 /* Pods-Lok AppTests.debug.xcconfig */,
				C9FCD1EB3664EC19327AA3CD /* Pods-Lok AppTests.release.xcconfig */,
				3BB5E4C492FA3E6DD7FE68B9 /* Pods-Lok AppUITests.debug.xcconfig */,
				DC0304C764006D51619D92C2 /* Pods-Lok AppUITests.release.xcconfig */,
			);
			name = Pods;
			sourceTree = "<group>";
		};
		95DA72E9D1C685E01CD6140A /* Frameworks */ = {
			isa = PBXGroup;
			children = (
				425FA77399BD9FDFD974DFBB /* Pods_Lok_App.framework */,
				00DE82D56E570FBA66F3DBFF /* Pods_Lok_AppTests.framework */,
				00E7D8B18D35B9ECF38EFCEF /* Pods_Lok_AppUITests.framework */,
			);
			name = Frameworks;
			sourceTree = "<group>";
		};
		E169B8A6205974A000214709 /* SlideMenu */ = {
			isa = PBXGroup;
			children = (
				E169B8A7205974AF00214709 /* Menu.storyboard */,
			);
			path = SlideMenu;
			sourceTree = "<group>";
		};
		E169B8A9205974F100214709 /* SlideMenu */ = {
			isa = PBXGroup;
			children = (
				E169B8AA205974FE00214709 /* MenuViewController.swift */,
				E19B51BB205A58CD00CE67A5 /* MenuTableViewCell.swift */,
			);
			path = SlideMenu;
			sourceTree = "<group>";
		};
		E1844BAA2057D1C7006854B8 = {
			isa = PBXGroup;
			children = (
				E1844BB52057D1C7006854B8 /* Lok App */,
				E1844BCA2057D1C8006854B8 /* Lok AppTests */,
				E1844BD52057D1C8006854B8 /* Lok AppUITests */,
				E1844BB42057D1C7006854B8 /* Products */,
				6937873ADD25113BBA46FB44 /* Pods */,
				95DA72E9D1C685E01CD6140A /* Frameworks */,
			);
			sourceTree = "<group>";
		};
		E1844BB42057D1C7006854B8 /* Products */ = {
			isa = PBXGroup;
			children = (
				E1844BB32057D1C7006854B8 /* Lok App.app */,
				E1844BC72057D1C7006854B8 /* Lok AppTests.xctest */,
				E1844BD22057D1C8006854B8 /* Lok AppUITests.xctest */,
			);
			name = Products;
			sourceTree = "<group>";
		};
		E1844BB52057D1C7006854B8 /* Lok App */ = {
			isa = PBXGroup;
			children = (
				E1844BB62057D1C7006854B8 /* AppDelegate.swift */,
				E1BF23722057E56E00FC1FDE /* Model */,
				E1BF23772057E5B600FC1FDE /* Repository */,
				E1BF23762057E5A800FC1FDE /* Service */,
				E1BF23742057E58500FC1FDE /* Controller */,
				E1BF23732057E57F00FC1FDE /* View */,
				E1BF23782057E5CF00FC1FDE /* Extension */,
				E1BF23752057E59C00FC1FDE /* Resource */,
				E1844BC22057D1C7006854B8 /* Info.plist */,
			);
			path = "Lok App";
			sourceTree = "<group>";
		};
		E1844BCA2057D1C8006854B8 /* Lok AppTests */ = {
			isa = PBXGroup;
			children = (
				E1844BCB2057D1C8006854B8 /* Lok_AppTests.swift */,
				E1844BCD2057D1C8006854B8 /* Info.plist */,
			);
			path = "Lok AppTests";
			sourceTree = "<group>";
		};
		E1844BD52057D1C8006854B8 /* Lok AppUITests */ = {
			isa = PBXGroup;
			children = (
				E1844BD62057D1C8006854B8 /* Lok_AppUITests.swift */,
				E1844BD82057D1C8006854B8 /* Info.plist */,
			);
			path = "Lok AppUITests";
			sourceTree = "<group>";
		};
		E19B51B2205A217100CE67A5 /* Item */ = {
			isa = PBXGroup;
			children = (
				E19B51BD205A6C5800CE67A5 /* TabBar */,
				E19B51B4205A219200CE67A5 /* Banner */,
			);
			path = Item;
			sourceTree = "<group>";
		};
		E19B51B3205A217A00CE67A5 /* Cell */ = {
			isa = PBXGroup;
			children = (
				E19B51B7205A233300CE67A5 /* BannerCollectionViewCell.swift */,
			);
			path = Cell;
			sourceTree = "<group>";
		};
		E19B51B4205A219200CE67A5 /* Banner */ = {
			isa = PBXGroup;
			children = (
				E19B51B5205A21A100CE67A5 /* BannerViewController.swift */,
			);
			path = Banner;
			sourceTree = "<group>";
		};
		E19B51BD205A6C5800CE67A5 /* TabBar */ = {
			isa = PBXGroup;
			children = (
				E19B51BE205A6C6900CE67A5 /* HomeTabBarView.swift */,
			);
			path = TabBar;
			sourceTree = "<group>";
		};
		E1BF23722057E56E00FC1FDE /* Model */ = {
			isa = PBXGroup;
			children = (
				E1BF239E2057F59000FC1FDE /* Comic.swift */,
				E19B51B9205A45F100CE67A5 /* Video.swift */,
			);
			path = Model;
			sourceTree = "<group>";
		};
		E1BF23732057E57F00FC1FDE /* View */ = {
			isa = PBXGroup;
			children = (
				E169B8A6205974A000214709 /* SlideMenu */,
				E1844BBA2057D1C7006854B8 /* Main.storyboard */,
				E1844BBF2057D1C7006854B8 /* LaunchScreen.storyboard */,
			);
			path = View;
			sourceTree = "<group>";
		};
		E1BF23742057E58500FC1FDE /* Controller */ = {
			isa = PBXGroup;
			children = (
				E169B8A9205974F100214709 /* SlideMenu */,
				E1BF23972057F14800FC1FDE /* Home */,
			);
			path = Controller;
			sourceTree = "<group>";
		};
		E1BF23752057E59C00FC1FDE /* Resource */ = {
			isa = PBXGroup;
			children = (
				E1BF23822057ECAF00FC1FDE /* Constant */,
				E1844BBD2057D1C7006854B8 /* Assets.xcassets */,
				E1BF237F2057EC3F00FC1FDE /* Config.plist */,
				E1BF23952057EE2800FC1FDE /* Config.swift */,
				E169B8AC20597CCA00214709 /* Menu.xcassets */,
			);
			path = Resource;
			sourceTree = "<group>";
		};
		E1BF23762057E5A800FC1FDE /* Service */ = {
			isa = PBXGroup;
			children = (
				E1BF23792057E6D800FC1FDE /* Service.swift */,
				E1BF237B2057E94D00FC1FDE /* LokError.swift */,
				E1BF23A4205809BD00FC1FDE /* ComicService.swift */,
				E1C1F604205BC6F700600FD1 /* VideoService.swift */,
			);
			path = Service;
			sourceTree = "<group>";
		};
		E1BF23772057E5B600FC1FDE /* Repository */ = {
			isa = PBXGroup;
			children = (
				E1BF239C2057F4DB00FC1FDE /* Convertable.swift */,
				E1BF23A22057FA0500FC1FDE /* Repository.swift */,
			);
			path = Repository;
			sourceTree = "<group>";
		};
		E1BF23782057E5CF00FC1FDE /* Extension */ = {
			isa = PBXGroup;
			children = (
				E1BF239A2057F33200FC1FDE /* RealmSwift+Extension.swift */,
			);
			path = Extension;
			sourceTree = "<group>";
		};
		E1BF23822057ECAF00FC1FDE /* Constant */ = {
			isa = PBXGroup;
			children = (
				E1BF23832057ECC100FC1FDE /* Lok.swift */,
				E1BF23852057ED2D00FC1FDE /* Text.swift */,
				E1BF23872057ED4900FC1FDE /* Color.swift */,
				E1BF23892057ED5A00FC1FDE /* Image.swift */,
				E1BF238B2057ED7300FC1FDE /* SegueIdentifier.swift */,
				E1BF238D2057ED9A00FC1FDE /* View.swift */,
				E1BF238F2057EDB700FC1FDE /* Controller.swift */,
				E1BF23912057EDD100FC1FDE /* CellIdentifier.swift */,
				E1BF23932057EDEA00FC1FDE /* Storyboard.swift */,
			);
			path = Constant;
			sourceTree = "<group>";
		};
		E1BF23972057F14800FC1FDE /* Home */ = {
			isa = PBXGroup;
			children = (
				E19B51B3205A217A00CE67A5 /* Cell */,
				E19B51B2205A217100CE67A5 /* Item */,
				E1BF23982057F15900FC1FDE /* HomeViewController.swift */,
			);
			path = Home;
			sourceTree = "<group>";
		};
/* End PBXGroup section */

/* Begin PBXNativeTarget section */
		E1844BB22057D1C7006854B8 /* Lok App */ = {
			isa = PBXNativeTarget;
			buildConfigurationList = E1844BDB2057D1C8006854B8 /* Build configuration list for PBXNativeTarget "Lok App" */;
			buildPhases = (
				8B4EE34D89F24AACD79391B7 /* [CP] Check Pods Manifest.lock */,
				E1844BAF2057D1C7006854B8 /* Sources */,
				E1844BB02057D1C7006854B8 /* Frameworks */,
				E1844BB12057D1C7006854B8 /* Resources */,
				DEC6F566CA220AD91B93039E /* [CP] Embed Pods Frameworks */,
				B6D29B3144405BE9FA9B678A /* [CP] Copy Pods Resources */,
			);
			buildRules = (
			);
			dependencies = (
			);
			name = "Lok App";
			productName = "Lok App";
			productReference = E1844BB32057D1C7006854B8 /* Lok App.app */;
			productType = "com.apple.product-type.application";
		};
		E1844BC62057D1C7006854B8 /* Lok AppTests */ = {
			isa = PBXNativeTarget;
			buildConfigurationList = E1844BDE2057D1C8006854B8 /* Build configuration list for PBXNativeTarget "Lok AppTests" */;
			buildPhases = (
				E0496CAFB678A88557B94F45 /* [CP] Check Pods Manifest.lock */,
				E1844BC32057D1C7006854B8 /* Sources */,
				E1844BC42057D1C7006854B8 /* Frameworks */,
				E1844BC52057D1C7006854B8 /* Resources */,
				A86A20C80904BC9E71968F4A /* [CP] Embed Pods Frameworks */,
				B1931FE89455C5FA5BFB5B7B /* [CP] Copy Pods Resources */,
			);
			buildRules = (
			);
			dependencies = (
				E1844BC92057D1C7006854B8 /* PBXTargetDependency */,
			);
			name = "Lok AppTests";
			productName = "Lok AppTests";
			productReference = E1844BC72057D1C7006854B8 /* Lok AppTests.xctest */;
			productType = "com.apple.product-type.bundle.unit-test";
		};
		E1844BD12057D1C8006854B8 /* Lok AppUITests */ = {
			isa = PBXNativeTarget;
			buildConfigurationList = E1844BE12057D1C8006854B8 /* Build configuration list for PBXNativeTarget "Lok AppUITests" */;
			buildPhases = (
				E83F0A293A8B4E4688709B0A /* [CP] Check Pods Manifest.lock */,
				E1844BCE2057D1C8006854B8 /* Sources */,
				E1844BCF2057D1C8006854B8 /* Frameworks */,
				E1844BD02057D1C8006854B8 /* Resources */,
				7C6830AA1C2A24EB895B245B /* [CP] Embed Pods Frameworks */,
				D68FDE020EBAB12E7D8C671C /* [CP] Copy Pods Resources */,
			);
			buildRules = (
			);
			dependencies = (
				E1844BD42057D1C8006854B8 /* PBXTargetDependency */,
			);
			name = "Lok AppUITests";
			productName = "Lok AppUITests";
			productReference = E1844BD22057D1C8006854B8 /* Lok AppUITests.xctest */;
			productType = "com.apple.product-type.bundle.ui-testing";
		};
/* End PBXNativeTarget section */

/* Begin PBXProject section */
		E1844BAB2057D1C7006854B8 /* Project object */ = {
			isa = PBXProject;
			attributes = {
				LastSwiftUpdateCheck = 0920;
				LastUpgradeCheck = 0920;
				ORGANIZATIONNAME = LOK;
				TargetAttributes = {
					E1844BB22057D1C7006854B8 = {
						CreatedOnToolsVersion = 9.2;
						ProvisioningStyle = Automatic;
					};
					E1844BC62057D1C7006854B8 = {
						CreatedOnToolsVersion = 9.2;
						ProvisioningStyle = Automatic;
						TestTargetID = E1844BB22057D1C7006854B8;
					};
					E1844BD12057D1C8006854B8 = {
						CreatedOnToolsVersion = 9.2;
						ProvisioningStyle = Automatic;
						TestTargetID = E1844BB22057D1C7006854B8;
					};
				};
			};
			buildConfigurationList = E1844BAE2057D1C7006854B8 /* Build configuration list for PBXProject "Lok App" */;
			compatibilityVersion = "Xcode 8.0";
			developmentRegion = en;
			hasScannedForEncodings = 0;
			knownRegions = (
				en,
				Base,
			);
			mainGroup = E1844BAA2057D1C7006854B8;
			productRefGroup = E1844BB42057D1C7006854B8 /* Products */;
			projectDirPath = "";
			projectRoot = "";
			targets = (
				E1844BB22057D1C7006854B8 /* Lok App */,
				E1844BC62057D1C7006854B8 /* Lok AppTests */,
				E1844BD12057D1C8006854B8 /* Lok AppUITests */,
			);
		};
/* End PBXProject section */

/* Begin PBXResourcesBuildPhase section */
		E1844BB12057D1C7006854B8 /* Resources */ = {
			isa = PBXResourcesBuildPhase;
			buildActionMask = 2147483647;
			files = (
				E169B8A8205974AF00214709 /* Menu.storyboard in Resources */,
				E1BF23802057EC3F00FC1FDE /* Config.plist in Resources */,
				E169B8AD20597CCA00214709 /* Menu.xcassets in Resources */,
				E1844BC12057D1C7006854B8 /* LaunchScreen.storyboard in Resources */,
				E1844BBE2057D1C7006854B8 /* Assets.xcassets in Resources */,
				E1844BBC2057D1C7006854B8 /* Main.storyboard in Resources */,
			);
			runOnlyForDeploymentPostprocessing = 0;
		};
		E1844BC52057D1C7006854B8 /* Resources */ = {
			isa = PBXResourcesBuildPhase;
			buildActionMask = 2147483647;
			files = (
			);
			runOnlyForDeploymentPostprocessing = 0;
		};
		E1844BD02057D1C8006854B8 /* Resources */ = {
			isa = PBXResourcesBuildPhase;
			buildActionMask = 2147483647;
			files = (
			);
			runOnlyForDeploymentPostprocessing = 0;
		};
/* End PBXResourcesBuildPhase section */

/* Begin PBXShellScriptBuildPhase section */
		7C6830AA1C2A24EB895B245B /* [CP] Embed Pods Frameworks */ = {
			isa = PBXShellScriptBuildPhase;
			buildActionMask = 2147483647;
			files = (
			);
			inputPaths = (
				"${SRCROOT}/Pods/Target Support Files/Pods-Lok AppUITests/Pods-Lok AppUITests-frameworks.sh",
				"${BUILT_PRODUCTS_DIR}/RxSwift/RxSwift.framework",
				"${BUILT_PRODUCTS_DIR}/RxBlocking/RxBlocking.framework",
				"${BUILT_PRODUCTS_DIR}/RxTest/RxTest.framework",
			);
			name = "[CP] Embed Pods Frameworks";
			outputPaths = (
				"${TARGET_BUILD_DIR}/${FRAMEWORKS_FOLDER_PATH}/RxSwift.framework",
				"${TARGET_BUILD_DIR}/${FRAMEWORKS_FOLDER_PATH}/RxBlocking.framework",
				"${TARGET_BUILD_DIR}/${FRAMEWORKS_FOLDER_PATH}/RxTest.framework",
			);
			runOnlyForDeploymentPostprocessing = 0;
			shellPath = /bin/sh;
			shellScript = "\"${SRCROOT}/Pods/Target Support Files/Pods-Lok AppUITests/Pods-Lok AppUITests-frameworks.sh\"\n";
			showEnvVarsInLog = 0;
		};
		8B4EE34D89F24AACD79391B7 /* [CP] Check Pods Manifest.lock */ = {
			isa = PBXShellScriptBuildPhase;
			buildActionMask = 2147483647;
			files = (
			);
			inputPaths = (
				"${PODS_PODFILE_DIR_PATH}/Podfile.lock",
				"${PODS_ROOT}/Manifest.lock",
			);
			name = "[CP] Check Pods Manifest.lock";
			outputPaths = (
				"$(DERIVED_FILE_DIR)/Pods-Lok App-checkManifestLockResult.txt",
			);
			runOnlyForDeploymentPostprocessing = 0;
			shellPath = /bin/sh;
			shellScript = "diff \"${PODS_PODFILE_DIR_PATH}/Podfile.lock\" \"${PODS_ROOT}/Manifest.lock\" > /dev/null\nif [ $? != 0 ] ; then\n    # print error to STDERR\n    echo \"error: The sandbox is not in sync with the Podfile.lock. Run 'pod install' or update your CocoaPods installation.\" >&2\n    exit 1\nfi\n# This output is used by Xcode 'outputs' to avoid re-running this script phase.\necho \"SUCCESS\" > \"${SCRIPT_OUTPUT_FILE_0}\"\n";
			showEnvVarsInLog = 0;
		};
		A86A20C80904BC9E71968F4A /* [CP] Embed Pods Frameworks */ = {
			isa = PBXShellScriptBuildPhase;
			buildActionMask = 2147483647;
			files = (
			);
			inputPaths = (
				"${SRCROOT}/Pods/Target Support Files/Pods-Lok AppTests/Pods-Lok AppTests-frameworks.sh",
				"${BUILT_PRODUCTS_DIR}/RxSwift/RxSwift.framework",
				"${BUILT_PRODUCTS_DIR}/RxBlocking/RxBlocking.framework",
				"${BUILT_PRODUCTS_DIR}/RxTest/RxTest.framework",
			);
			name = "[CP] Embed Pods Frameworks";
			outputPaths = (
				"${TARGET_BUILD_DIR}/${FRAMEWORKS_FOLDER_PATH}/RxSwift.framework",
				"${TARGET_BUILD_DIR}/${FRAMEWORKS_FOLDER_PATH}/RxBlocking.framework",
				"${TARGET_BUILD_DIR}/${FRAMEWORKS_FOLDER_PATH}/RxTest.framework",
			);
			runOnlyForDeploymentPostprocessing = 0;
			shellPath = /bin/sh;
			shellScript = "\"${SRCROOT}/Pods/Target Support Files/Pods-Lok AppTests/Pods-Lok AppTests-frameworks.sh\"\n";
			showEnvVarsInLog = 0;
		};
		B1931FE89455C5FA5BFB5B7B /* [CP] Copy Pods Resources */ = {
			isa = PBXShellScriptBuildPhase;
			buildActionMask = 2147483647;
			files = (
			);
			inputPaths = (
			);
			name = "[CP] Copy Pods Resources";
			outputPaths = (
			);
			runOnlyForDeploymentPostprocessing = 0;
			shellPath = /bin/sh;
			shellScript = "\"${SRCROOT}/Pods/Target Support Files/Pods-Lok AppTests/Pods-Lok AppTests-resources.sh\"\n";
			showEnvVarsInLog = 0;
		};
		B6D29B3144405BE9FA9B678A /* [CP] Copy Pods Resources */ = {
			isa = PBXShellScriptBuildPhase;
			buildActionMask = 2147483647;
			files = (
			);
			inputPaths = (
			);
			name = "[CP] Copy Pods Resources";
			outputPaths = (
			);
			runOnlyForDeploymentPostprocessing = 0;
			shellPath = /bin/sh;
			shellScript = "\"${SRCROOT}/Pods/Target Support Files/Pods-Lok App/Pods-Lok App-resources.sh\"\n";
			showEnvVarsInLog = 0;
		};
		D68FDE020EBAB12E7D8C671C /* [CP] Copy Pods Resources */ = {
			isa = PBXShellScriptBuildPhase;
			buildActionMask = 2147483647;
			files = (
			);
			inputPaths = (
			);
			name = "[CP] Copy Pods Resources";
			outputPaths = (
			);
			runOnlyForDeploymentPostprocessing = 0;
			shellPath = /bin/sh;
			shellScript = "\"${SRCROOT}/Pods/Target Support Files/Pods-Lok AppUITests/Pods-Lok AppUITests-resources.sh\"\n";
			showEnvVarsInLog = 0;
		};
		DEC6F566CA220AD91B93039E /* [CP] Embed Pods Frameworks */ = {
			isa = PBXShellScriptBuildPhase;
			buildActionMask = 2147483647;
			files = (
			);
			inputPaths = (
				"${SRCROOT}/Pods/Target Support Files/Pods-Lok App/Pods-Lok App-frameworks.sh",
				"${BUILT_PRODUCTS_DIR}/Alamofire/Alamofire.framework",
				"${BUILT_PRODUCTS_DIR}/Differentiator/Differentiator.framework",
				"${BUILT_PRODUCTS_DIR}/ReachabilitySwift/ReachabilitySwift.framework",
				"${BUILT_PRODUCTS_DIR}/Realm/Realm.framework",
				"${BUILT_PRODUCTS_DIR}/RealmSwift/RealmSwift.framework",
				"${BUILT_PRODUCTS_DIR}/RxCocoa/RxCocoa.framework",
				"${BUILT_PRODUCTS_DIR}/RxDataSources/RxDataSources.framework",
				"${BUILT_PRODUCTS_DIR}/RxGesture/RxGesture.framework",
				"${BUILT_PRODUCTS_DIR}/RxRealm/RxRealm.framework",
				"${BUILT_PRODUCTS_DIR}/RxSwift/RxSwift.framework",
				"${BUILT_PRODUCTS_DIR}/SDWebImage/SDWebImage.framework",
				"${BUILT_PRODUCTS_DIR}/SlideMenuControllerSwift/SlideMenuControllerSwift.framework",
				"${BUILT_PRODUCTS_DIR}/SwiftyJSON/SwiftyJSON.framework",
			);
			name = "[CP] Embed Pods Frameworks";
			outputPaths = (
				"${TARGET_BUILD_DIR}/${FRAMEWORKS_FOLDER_PATH}/Alamofire.framework",
				"${TARGET_BUILD_DIR}/${FRAMEWORKS_FOLDER_PATH}/Differentiator.framework",
				"${TARGET_BUILD_DIR}/${FRAMEWORKS_FOLDER_PATH}/ReachabilitySwift.framework",
				"${TARGET_BUILD_DIR}/${FRAMEWORKS_FOLDER_PATH}/Realm.framework",
				"${TARGET_BUILD_DIR}/${FRAMEWORKS_FOLDER_PATH}/RealmSwift.framework",
				"${TARGET_BUILD_DIR}/${FRAMEWORKS_FOLDER_PATH}/RxCocoa.framework",
				"${TARGET_BUILD_DIR}/${FRAMEWORKS_FOLDER_PATH}/RxDataSources.framework",
				"${TARGET_BUILD_DIR}/${FRAMEWORKS_FOLDER_PATH}/RxGesture.framework",
				"${TARGET_BUILD_DIR}/${FRAMEWORKS_FOLDER_PATH}/RxRealm.framework",
				"${TARGET_BUILD_DIR}/${FRAMEWORKS_FOLDER_PATH}/RxSwift.framework",
				"${TARGET_BUILD_DIR}/${FRAMEWORKS_FOLDER_PATH}/SDWebImage.framework",
				"${TARGET_BUILD_DIR}/${FRAMEWORKS_FOLDER_PATH}/SlideMenuControllerSwift.framework",
				"${TARGET_BUILD_DIR}/${FRAMEWORKS_FOLDER_PATH}/SwiftyJSON.framework",
			);
			runOnlyForDeploymentPostprocessing = 0;
			shellPath = /bin/sh;
			shellScript = "\"${SRCROOT}/Pods/Target Support Files/Pods-Lok App/Pods-Lok App-frameworks.sh\"\n";
			showEnvVarsInLog = 0;
		};
		E0496CAFB678A88557B94F45 /* [CP] Check Pods Manifest.lock */ = {
			isa = PBXShellScriptBuildPhase;
			buildActionMask = 2147483647;
			files = (
			);
			inputPaths = (
				"${PODS_PODFILE_DIR_PATH}/Podfile.lock",
				"${PODS_ROOT}/Manifest.lock",
			);
			name = "[CP] Check Pods Manifest.lock";
			outputPaths = (
				"$(DERIVED_FILE_DIR)/Pods-Lok AppTests-checkManifestLockResult.txt",
			);
			runOnlyForDeploymentPostprocessing = 0;
			shellPath = /bin/sh;
			shellScript = "diff \"${PODS_PODFILE_DIR_PATH}/Podfile.lock\" \"${PODS_ROOT}/Manifest.lock\" > /dev/null\nif [ $? != 0 ] ; then\n    # print error to STDERR\n    echo \"error: The sandbox is not in sync with the Podfile.lock. Run 'pod install' or update your CocoaPods installation.\" >&2\n    exit 1\nfi\n# This output is used by Xcode 'outputs' to avoid re-running this script phase.\necho \"SUCCESS\" > \"${SCRIPT_OUTPUT_FILE_0}\"\n";
			showEnvVarsInLog = 0;
		};
		E83F0A293A8B4E4688709B0A /* [CP] Check Pods Manifest.lock */ = {
			isa = PBXShellScriptBuildPhase;
			buildActionMask = 2147483647;
			files = (
			);
			inputPaths = (
				"${PODS_PODFILE_DIR_PATH}/Podfile.lock",
				"${PODS_ROOT}/Manifest.lock",
			);
			name = "[CP] Check Pods Manifest.lock";
			outputPaths = (
				"$(DERIVED_FILE_DIR)/Pods-Lok AppUITests-checkManifestLockResult.txt",
			);
			runOnlyForDeploymentPostprocessing = 0;
			shellPath = /bin/sh;
			shellScript = "diff \"${PODS_PODFILE_DIR_PATH}/Podfile.lock\" \"${PODS_ROOT}/Manifest.lock\" > /dev/null\nif [ $? != 0 ] ; then\n    # print error to STDERR\n    echo \"error: The sandbox is not in sync with the Podfile.lock. Run 'pod install' or update your CocoaPods installation.\" >&2\n    exit 1\nfi\n# This output is used by Xcode 'outputs' to avoid re-running this script phase.\necho \"SUCCESS\" > \"${SCRIPT_OUTPUT_FILE_0}\"\n";
			showEnvVarsInLog = 0;
		};
/* End PBXShellScriptBuildPhase section */

/* Begin PBXSourcesBuildPhase section */
		E1844BAF2057D1C7006854B8 /* Sources */ = {
			isa = PBXSourcesBuildPhase;
			buildActionMask = 2147483647;
			files = (
				E1BF238A2057ED5A00FC1FDE /* Image.swift in Sources */,
				E1BF239F2057F59000FC1FDE /* Comic.swift in Sources */,
				E19B51B8205A233300CE67A5 /* BannerCollectionViewCell.swift in Sources */,
				E1BF239D2057F4DB00FC1FDE /* Convertable.swift in Sources */,
				E1BF23902057EDB700FC1FDE /* Controller.swift in Sources */,
				E19B51BF205A6C6900CE67A5 /* HomeTabBarView.swift in Sources */,
				E1BF23962057EE2800FC1FDE /* Config.swift in Sources */,
				E1BF23A5205809BD00FC1FDE /* ComicService.swift in Sources */,
				E19B51B6205A21A100CE67A5 /* BannerViewController.swift in Sources */,
				E1BF239B2057F33200FC1FDE /* RealmSwift+Extension.swift in Sources */,
				E1BF238E2057ED9A00FC1FDE /* View.swift in Sources */,
				E1BF23942057EDEA00FC1FDE /* Storyboard.swift in Sources */,
				E169B8AB205974FE00214709 /* MenuViewController.swift in Sources */,
				E1C1F605205BC6F700600FD1 /* VideoService.swift in Sources */,
				E19B51BA205A45F100CE67A5 /* Video.swift in Sources */,
				E1BF23992057F15900FC1FDE /* HomeViewController.swift in Sources */,
				E1BF237C2057E94D00FC1FDE /* LokError.swift in Sources */,
				E1BF23882057ED4900FC1FDE /* Color.swift in Sources */,
				E1BF23842057ECC100FC1FDE /* Lok.swift in Sources */,
				E1844BB72057D1C7006854B8 /* AppDelegate.swift in Sources */,
				E1BF23862057ED2D00FC1FDE /* Text.swift in Sources */,
				E1BF238C2057ED7300FC1FDE /* SegueIdentifier.swift in Sources */,
				E1BF23922057EDD100FC1FDE /* CellIdentifier.swift in Sources */,
				E1BF23A32057FA0500FC1FDE /* Repository.swift in Sources */,
				E1BF237A2057E6D800FC1FDE /* Service.swift in Sources */,
				E19B51BC205A58CD00CE67A5 /* MenuTableViewCell.swift in Sources */,
			);
			runOnlyForDeploymentPostprocessing = 0;
		};
		E1844BC32057D1C7006854B8 /* Sources */ = {
			isa = PBXSourcesBuildPhase;
			buildActionMask = 2147483647;
			files = (
				E1844BCC2057D1C8006854B8 /* Lok_AppTests.swift in Sources */,
			);
			runOnlyForDeploymentPostprocessing = 0;
		};
		E1844BCE2057D1C8006854B8 /* Sources */ = {
			isa = PBXSourcesBuildPhase;
			buildActionMask = 2147483647;
			files = (
				E1844BD72057D1C8006854B8 /* Lok_AppUITests.swift in Sources */,
			);
			runOnlyForDeploymentPostprocessing = 0;
		};
/* End PBXSourcesBuildPhase section */

/* Begin PBXTargetDependency section */
		E1844BC92057D1C7006854B8 /* PBXTargetDependency */ = {
			isa = PBXTargetDependency;
			target = E1844BB22057D1C7006854B8 /* Lok App */;
			targetProxy = E1844BC82057D1C7006854B8 /* PBXContainerItemProxy */;
		};
		E1844BD42057D1C8006854B8 /* PBXTargetDependency */ = {
			isa = PBXTargetDependency;
			target = E1844BB22057D1C7006854B8 /* Lok App */;
			targetProxy = E1844BD32057D1C8006854B8 /* PBXContainerItemProxy */;
		};
/* End PBXTargetDependency section */

/* Begin PBXVariantGroup section */
		E1844BBA2057D1C7006854B8 /* Main.storyboard */ = {
			isa = PBXVariantGroup;
			children = (
				E1844BBB2057D1C7006854B8 /* Base */,
			);
			name = Main.storyboard;
			sourceTree = "<group>";
		};
		E1844BBF2057D1C7006854B8 /* LaunchScreen.storyboard */ = {
			isa = PBXVariantGroup;
			children = (
				E1844BC02057D1C7006854B8 /* Base */,
			);
			name = LaunchScreen.storyboard;
			sourceTree = "<group>";
		};
/* End PBXVariantGroup section */

/* Begin XCBuildConfiguration section */
		E1844BD92057D1C8006854B8 /* Debug */ = {
			isa = XCBuildConfiguration;
			buildSettings = {
				ALWAYS_SEARCH_USER_PATHS = NO;
				CLANG_ANALYZER_NONNULL = YES;
				CLANG_ANALYZER_NUMBER_OBJECT_CONVERSION = YES_AGGRESSIVE;
				CLANG_CXX_LANGUAGE_STANDARD = "gnu++14";
				CLANG_CXX_LIBRARY = "libc++";
				CLANG_ENABLE_MODULES = YES;
				CLANG_ENABLE_OBJC_ARC = YES;
				CLANG_WARN_BLOCK_CAPTURE_AUTORELEASING = YES;
				CLANG_WARN_BOOL_CONVERSION = YES;
				CLANG_WARN_COMMA = YES;
				CLANG_WARN_CONSTANT_CONVERSION = YES;
				CLANG_WARN_DIRECT_OBJC_ISA_USAGE = YES_ERROR;
				CLANG_WARN_DOCUMENTATION_COMMENTS = YES;
				CLANG_WARN_EMPTY_BODY = YES;
				CLANG_WARN_ENUM_CONVERSION = YES;
				CLANG_WARN_INFINITE_RECURSION = YES;
				CLANG_WARN_INT_CONVERSION = YES;
				CLANG_WARN_NON_LITERAL_NULL_CONVERSION = YES;
				CLANG_WARN_OBJC_LITERAL_CONVERSION = YES;
				CLANG_WARN_OBJC_ROOT_CLASS = YES_ERROR;
				CLANG_WARN_RANGE_LOOP_ANALYSIS = YES;
				CLANG_WARN_STRICT_PROTOTYPES = YES;
				CLANG_WARN_SUSPICIOUS_MOVE = YES;
				CLANG_WARN_UNGUARDED_AVAILABILITY = YES_AGGRESSIVE;
				CLANG_WARN_UNREACHABLE_CODE = YES;
				CLANG_WARN__DUPLICATE_METHOD_MATCH = YES;
				CODE_SIGN_IDENTITY = "iPhone Developer";
				COPY_PHASE_STRIP = NO;
				DEBUG_INFORMATION_FORMAT = dwarf;
				ENABLE_STRICT_OBJC_MSGSEND = YES;
				ENABLE_TESTABILITY = YES;
				GCC_C_LANGUAGE_STANDARD = gnu11;
				GCC_DYNAMIC_NO_PIC = NO;
				GCC_NO_COMMON_BLOCKS = YES;
				GCC_OPTIMIZATION_LEVEL = 0;
				GCC_PREPROCESSOR_DEFINITIONS = (
					"DEBUG=1",
					"$(inherited)",
				);
				GCC_WARN_64_TO_32_BIT_CONVERSION = YES;
				GCC_WARN_ABOUT_RETURN_TYPE = YES_ERROR;
				GCC_WARN_UNDECLARED_SELECTOR = YES;
				GCC_WARN_UNINITIALIZED_AUTOS = YES_AGGRESSIVE;
				GCC_WARN_UNUSED_FUNCTION = YES;
				GCC_WARN_UNUSED_VARIABLE = YES;
				IPHONEOS_DEPLOYMENT_TARGET = 11.2;
				MTL_ENABLE_DEBUG_INFO = YES;
				ONLY_ACTIVE_ARCH = YES;
				SDKROOT = iphoneos;
				SWIFT_ACTIVE_COMPILATION_CONDITIONS = DEBUG;
				SWIFT_OPTIMIZATION_LEVEL = "-Onone";
			};
			name = Debug;
		};
		E1844BDA2057D1C8006854B8 /* Release */ = {
			isa = XCBuildConfiguration;
			buildSettings = {
				ALWAYS_SEARCH_USER_PATHS = NO;
				CLANG_ANALYZER_NONNULL = YES;
				CLANG_ANALYZER_NUMBER_OBJECT_CONVERSION = YES_AGGRESSIVE;
				CLANG_CXX_LANGUAGE_STANDARD = "gnu++14";
				CLANG_CXX_LIBRARY = "libc++";
				CLANG_ENABLE_MODULES = YES;
				CLANG_ENABLE_OBJC_ARC = YES;
				CLANG_WARN_BLOCK_CAPTURE_AUTORELEASING = YES;
				CLANG_WARN_BOOL_CONVERSION = YES;
				CLANG_WARN_COMMA = YES;
				CLANG_WARN_CONSTANT_CONVERSION = YES;
				CLANG_WARN_DIRECT_OBJC_ISA_USAGE = YES_ERROR;
				CLANG_WARN_DOCUMENTATION_COMMENTS = YES;
				CLANG_WARN_EMPTY_BODY = YES;
				CLANG_WARN_ENUM_CONVERSION = YES;
				CLANG_WARN_INFINITE_RECURSION = YES;
				CLANG_WARN_INT_CONVERSION = YES;
				CLANG_WARN_NON_LITERAL_NULL_CONVERSION = YES;
				CLANG_WARN_OBJC_LITERAL_CONVERSION = YES;
				CLANG_WARN_OBJC_ROOT_CLASS = YES_ERROR;
				CLANG_WARN_RANGE_LOOP_ANALYSIS = YES;
				CLANG_WARN_STRICT_PROTOTYPES = YES;
				CLANG_WARN_SUSPICIOUS_MOVE = YES;
				CLANG_WARN_UNGUARDED_AVAILABILITY = YES_AGGRESSIVE;
				CLANG_WARN_UNREACHABLE_CODE = YES;
				CLANG_WARN__DUPLICATE_METHOD_MATCH = YES;
				CODE_SIGN_IDENTITY = "iPhone Developer";
				COPY_PHASE_STRIP = NO;
				DEBUG_INFORMATION_FORMAT = "dwarf-with-dsym";
				ENABLE_NS_ASSERTIONS = NO;
				ENABLE_STRICT_OBJC_MSGSEND = YES;
				GCC_C_LANGUAGE_STANDARD = gnu11;
				GCC_NO_COMMON_BLOCKS = YES;
				GCC_WARN_64_TO_32_BIT_CONVERSION = YES;
				GCC_WARN_ABOUT_RETURN_TYPE = YES_ERROR;
				GCC_WARN_UNDECLARED_SELECTOR = YES;
				GCC_WARN_UNINITIALIZED_AUTOS = YES_AGGRESSIVE;
				GCC_WARN_UNUSED_FUNCTION = YES;
				GCC_WARN_UNUSED_VARIABLE = YES;
				IPHONEOS_DEPLOYMENT_TARGET = 11.2;
				MTL_ENABLE_DEBUG_INFO = NO;
				SDKROOT = iphoneos;
				SWIFT_OPTIMIZATION_LEVEL = "-Owholemodule";
				VALIDATE_PRODUCT = YES;
			};
			name = Release;
		};
		E1844BDC2057D1C8006854B8 /* Debug */ = {
			isa = XCBuildConfiguration;
			baseConfigurationReference = 7DDB57160A9AD5C6DC0A2FDC /* Pods-Lok App.debug.xcconfig */;
			buildSettings = {
				ASSETCATALOG_COMPILER_APPICON_NAME = AppIcon;
				CODE_SIGN_STYLE = Automatic;
				DEVELOPMENT_TEAM = 3C7VUZNULA;
				INFOPLIST_FILE = "Lok App/Info.plist";
				IPHONEOS_DEPLOYMENT_TARGET = 10.0;
				LD_RUNPATH_SEARCH_PATHS = "$(inherited) @executable_path/Frameworks";
				PRODUCT_BUNDLE_IDENTIFIER = "vn.lok.Lok-App";
				PRODUCT_NAME = "$(TARGET_NAME)";
				SWIFT_VERSION = 4.0;
				TARGETED_DEVICE_FAMILY = "1,2";
			};
			name = Debug;
		};
		E1844BDD2057D1C8006854B8 /* Release */ = {
			isa = XCBuildConfiguration;
			baseConfigurationReference = 4B0D2C87C29F1CD9A6849FB7 /* Pods-Lok App.release.xcconfig */;
			buildSettings = {
				ASSETCATALOG_COMPILER_APPICON_NAME = AppIcon;
				CODE_SIGN_STYLE = Automatic;
				DEVELOPMENT_TEAM = 3C7VUZNULA;
				INFOPLIST_FILE = "Lok App/Info.plist";
				IPHONEOS_DEPLOYMENT_TARGET = 10.0;
				LD_RUNPATH_SEARCH_PATHS = "$(inherited) @executable_path/Frameworks";
				PRODUCT_BUNDLE_IDENTIFIER = "vn.lok.Lok-App";
				PRODUCT_NAME = "$(TARGET_NAME)";
				SWIFT_VERSION = 4.0;
				TARGETED_DEVICE_FAMILY = "1,2";
			};
			name = Release;
		};
		E1844BDF2057D1C8006854B8 /* Debug */ = {
			isa = XCBuildConfiguration;
			baseConfigurationReference = 08C951703B488164417A8670 /* Pods-Lok AppTests.debug.xcconfig */;
			buildSettings = {
				ALWAYS_EMBED_SWIFT_STANDARD_LIBRARIES = YES;
				BUNDLE_LOADER = "$(TEST_HOST)";
				CODE_SIGN_STYLE = Automatic;
				DEVELOPMENT_TEAM = 3C7VUZNULA;
				INFOPLIST_FILE = "Lok AppTests/Info.plist";
				LD_RUNPATH_SEARCH_PATHS = "$(inherited) @executable_path/Frameworks @loader_path/Frameworks";
				PRODUCT_BUNDLE_IDENTIFIER = "vn.lok.Lok-AppTests";
				PRODUCT_NAME = "$(TARGET_NAME)";
				SWIFT_VERSION = 4.0;
				TARGETED_DEVICE_FAMILY = "1,2";
				TEST_HOST = "$(BUILT_PRODUCTS_DIR)/Lok App.app/Lok App";
			};
			name = Debug;
		};
		E1844BE02057D1C8006854B8 /* Release */ = {
			isa = XCBuildConfiguration;
			baseConfigurationReference = C9FCD1EB3664EC19327AA3CD /* Pods-Lok AppTests.release.xcconfig */;
			buildSettings = {
				ALWAYS_EMBED_SWIFT_STANDARD_LIBRARIES = YES;
				BUNDLE_LOADER = "$(TEST_HOST)";
				CODE_SIGN_STYLE = Automatic;
				DEVELOPMENT_TEAM = 3C7VUZNULA;
				INFOPLIST_FILE = "Lok AppTests/Info.plist";
				LD_RUNPATH_SEARCH_PATHS = "$(inherited) @executable_path/Frameworks @loader_path/Frameworks";
				PRODUCT_BUNDLE_IDENTIFIER = "vn.lok.Lok-AppTests";
				PRODUCT_NAME = "$(TARGET_NAME)";
				SWIFT_VERSION = 4.0;
				TARGETED_DEVICE_FAMILY = "1,2";
				TEST_HOST = "$(BUILT_PRODUCTS_DIR)/Lok App.app/Lok App";
			};
			name = Release;
		};
		E1844BE22057D1C8006854B8 /* Debug */ = {
			isa = XCBuildConfiguration;
			baseConfigurationReference = 3BB5E4C492FA3E6DD7FE68B9 /* Pods-Lok AppUITests.debug.xcconfig */;
			buildSettings = {
				ALWAYS_EMBED_SWIFT_STANDARD_LIBRARIES = YES;
				CODE_SIGN_STYLE = Automatic;
				DEVELOPMENT_TEAM = 3C7VUZNULA;
				INFOPLIST_FILE = "Lok AppUITests/Info.plist";
				LD_RUNPATH_SEARCH_PATHS = "$(inherited) @executable_path/Frameworks @loader_path/Frameworks";
				PRODUCT_BUNDLE_IDENTIFIER = "vn.lok.Lok-AppUITests";
				PRODUCT_NAME = "$(TARGET_NAME)";
				SWIFT_VERSION = 4.0;
				TARGETED_DEVICE_FAMILY = "1,2";
				TEST_TARGET_NAME = "Lok App";
			};
			name = Debug;
		};
		E1844BE32057D1C8006854B8 /* Release */ = {
			isa = XCBuildConfiguration;
			baseConfigurationReference = DC0304C764006D51619D92C2 /* Pods-Lok AppUITests.release.xcconfig */;
			buildSettings = {
				ALWAYS_EMBED_SWIFT_STANDARD_LIBRARIES = YES;
				CODE_SIGN_STYLE = Automatic;
				DEVELOPMENT_TEAM = 3C7VUZNULA;
				INFOPLIST_FILE = "Lok AppUITests/Info.plist";
				LD_RUNPATH_SEARCH_PATHS = "$(inherited) @executable_path/Frameworks @loader_path/Frameworks";
				PRODUCT_BUNDLE_IDENTIFIER = "vn.lok.Lok-AppUITests";
				PRODUCT_NAME = "$(TARGET_NAME)";
				SWIFT_VERSION = 4.0;
				TARGETED_DEVICE_FAMILY = "1,2";
				TEST_TARGET_NAME = "Lok App";
			};
			name = Release;
		};
/* End XCBuildConfiguration section */

/* Begin XCConfigurationList section */
		E1844BAE2057D1C7006854B8 /* Build configuration list for PBXProject "Lok App" */ = {
			isa = XCConfigurationList;
			buildConfigurations = (
				E1844BD92057D1C8006854B8 /* Debug */,
				E1844BDA2057D1C8006854B8 /* Release */,
			);
			defaultConfigurationIsVisible = 0;
			defaultConfigurationName = Release;
		};
		E1844BDB2057D1C8006854B8 /* Build configuration list for PBXNativeTarget "Lok App" */ = {
			isa = XCConfigurationList;
			buildConfigurations = (
				E1844BDC2057D1C8006854B8 /* Debug */,
				E1844BDD2057D1C8006854B8 /* Release */,
			);
			defaultConfigurationIsVisible = 0;
			defaultConfigurationName = Release;
		};
		E1844BDE2057D1C8006854B8 /* Build configuration list for PBXNativeTarget "Lok AppTests" */ = {
			isa = XCConfigurationList;
			buildConfigurations = (
				E1844BDF2057D1C8006854B8 /* Debug */,
				E1844BE02057D1C8006854B8 /* Release */,
			);
			defaultConfigurationIsVisible = 0;
			defaultConfigurationName = Release;
		};
		E1844BE12057D1C8006854B8 /* Build configuration list for PBXNativeTarget "Lok AppUITests" */ = {
			isa = XCConfigurationList;
			buildConfigurations = (
				E1844BE22057D1C8006854B8 /* Debug */,
				E1844BE32057D1C8006854B8 /* Release */,
			);
			defaultConfigurationIsVisible = 0;
			defaultConfigurationName = Release;
		};
/* End XCConfigurationList section */
	};
	rootObject = E1844BAB2057D1C7006854B8 /* Project object */;
}
